// !$*UTF8*$!
{
	archiveVersion = 1;
	classes = {
	};
	objectVersion = 50;
	objects = {

/* Begin PBXBuildFile section */
		CE6D75786BC61830001CF151 /* libPods-EasyTableViewDemo.a in Frameworks */ = {isa = PBXBuildFile; fileRef = 3E9AC9C8A660E04D991C515E /* libPods-EasyTableViewDemo.a */; };
		DB19E28E21956C7600B94BA8 /* AppDelegate.m in Sources */ = {isa = PBXBuildFile; fileRef = DB19E28D21956C7600B94BA8 /* AppDelegate.m */; };
		DB19E29621956C7600B94BA8 /* Assets.xcassets in Resources */ = {isa = PBXBuildFile; fileRef = DB19E29521956C7600B94BA8 /* Assets.xcassets */; };
		DB19E29921956C7600B94BA8 /* LaunchScreen.storyboard in Resources */ = {isa = PBXBuildFile; fileRef = DB19E29721956C7600B94BA8 /* LaunchScreen.storyboard */; };
		DB19E29C21956C7600B94BA8 /* main.m in Sources */ = {isa = PBXBuildFile; fileRef = DB19E29B21956C7600B94BA8 /* main.m */; };
		DBD6710E219800E200166E2D /* ViewController.m in Sources */ = {isa = PBXBuildFile; fileRef = DBD67109219800E100166E2D /* ViewController.m */; };
		DBD6710F219800E200166E2D /* SecondViewController.m in Sources */ = {isa = PBXBuildFile; fileRef = DBD6710A219800E100166E2D /* SecondViewController.m */; };
		DBD67112219800F100166E2D /* Main.storyboard in Resources */ = {isa = PBXBuildFile; fileRef = DBD67111219800F100166E2D /* Main.storyboard */; };
		DBD6713E2198169E00166E2D /* CustomTableViewController.m in Sources */ = {isa = PBXBuildFile; fileRef = DBD671392198169E00166E2D /* CustomTableViewController.m */; };
		DBD6713F2198169E00166E2D /* MJRefreshComponent+Switch.m in Sources */ = {isa = PBXBuildFile; fileRef = DBD6713D2198169E00166E2D /* MJRefreshComponent+Switch.m */; };
		E0CF1963AB0624922F310732 /* libPods-EasyTableCtr.a in Frameworks */ = {isa = PBXBuildFile; fileRef = 6C6662AFF4567082DEA528D0 /* libPods-EasyTableCtr.a */; };
/* End PBXBuildFile section */

/* Begin PBXFileReference section */
		3E9AC9C8A660E04D991C515E /* libPods-EasyTableViewDemo.a */ = {isa = PBXFileReference; explicitFileType = archive.ar; includeInIndex = 0; path = "libPods-EasyTableViewDemo.a"; sourceTree = BUILT_PRODUCTS_DIR; };
		68FB40D9FA1C56B3AA3E8B7E /* Pods-EasyTableViewDemo.debug.xcconfig */ = {isa = PBXFileReference; includeInIndex = 1; lastKnownFileType = text.xcconfig; name = "Pods-EasyTableViewDemo.debug.xcconfig"; path = "Pods/Target Support Files/Pods-EasyTableViewDemo/Pods-EasyTableViewDemo.debug.xcconfig"; sourceTree = "<group>"; };
		6C6662AFF4567082DEA528D0 /* libPods-EasyTableCtr.a */ = {isa = PBXFileReference; explicitFileType = archive.ar; includeInIndex = 0; path = "libPods-EasyTableCtr.a"; sourceTree = BUILT_PRODUCTS_DIR; };
		77248A3C7AC2A46EB137D077 /* Pods-EasyTableViewDemo.release.xcconfig */ = {isa = PBXFileReference; includeInIndex = 1; lastKnownFileType = text.xcconfig; name = "Pods-EasyTableViewDemo.release.xcconfig"; path = "Pods/Target Support Files/Pods-EasyTableViewDemo/Pods-EasyTableViewDemo.release.xcconfig"; sourceTree = "<group>"; };
		B8202C26D2E3038A717A936A /* Pods-EasyTableCtr.debug.xcconfig */ = {isa = PBXFileReference; includeInIndex = 1; lastKnownFileType = text.xcconfig; name = "Pods-EasyTableCtr.debug.xcconfig"; path = "Pods/Target Support Files/Pods-EasyTableCtr/Pods-EasyTableCtr.debug.xcconfig"; sourceTree = "<group>"; };
		D022A62479A956687103BA98 /* Pods-EasyTableCtr.release.xcconfig */ = {isa = PBXFileReference; includeInIndex = 1; lastKnownFileType = text.xcconfig; name = "Pods-EasyTableCtr.release.xcconfig"; path = "Pods/Target Support Files/Pods-EasyTableCtr/Pods-EasyTableCtr.release.xcconfig"; sourceTree = "<group>"; };
		DB19E28921956C7600B94BA8 /* EasyTableViewDemo.app */ = {isa = PBXFileReference; explicitFileType = wrapper.application; includeInIndex = 0; path = EasyTableViewDemo.app; sourceTree = BUILT_PRODUCTS_DIR; };
		DB19E28C21956C7600B94BA8 /* AppDelegate.h */ = {isa = PBXFileReference; lastKnownFileType = sourcecode.c.h; path = AppDelegate.h; sourceTree = "<group>"; };
		DB19E28D21956C7600B94BA8 /* AppDelegate.m */ = {isa = PBXFileReference; lastKnownFileType = sourcecode.c.objc; path = AppDelegate.m; sourceTree = "<group>"; };
		DB19E29521956C7600B94BA8 /* Assets.xcassets */ = {isa = PBXFileReference; lastKnownFileType = folder.assetcatalog; path = Assets.xcassets; sourceTree = "<group>"; };
		DB19E29821956C7600B94BA8 /* Base */ = {isa = PBXFileReference; lastKnownFileType = file.storyboard; name = Base; path = Base.lproj/LaunchScreen.storyboard; sourceTree = "<group>"; };
		DB19E29A21956C7600B94BA8 /* Info.plist */ = {isa = PBXFileReference; lastKnownFileType = text.plist.xml; path = Info.plist; sourceTree = "<group>"; };
		DB19E29B21956C7600B94BA8 /* main.m */ = {isa = PBXFileReference; lastKnownFileType = sourcecode.c.objc; path = main.m; sourceTree = "<group>"; };
		DBD67108219800E100166E2D /* SecondViewController.h */ = {isa = PBXFileReference; fileEncoding = 4; lastKnownFileType = sourcecode.c.h; path = SecondViewController.h; sourceTree = "<group>"; };
		DBD67109219800E100166E2D /* ViewController.m */ = {isa = PBXFileReference; fileEncoding = 4; lastKnownFileType = sourcecode.c.objc; path = ViewController.m; sourceTree = "<group>"; };
		DBD6710A219800E100166E2D /* SecondViewController.m */ = {isa = PBXFileReference; fileEncoding = 4; lastKnownFileType = sourcecode.c.objc; path = SecondViewController.m; sourceTree = "<group>"; };
		DBD67111219800F100166E2D /* Main.storyboard */ = {isa = PBXFileReference; fileEncoding = 4; lastKnownFileType = file.storyboard; path = Main.storyboard; sourceTree = "<group>"; };
		DBD671132198027700166E2D /* ViewController.h */ = {isa = PBXFileReference; lastKnownFileType = sourcecode.c.h; path = ViewController.h; sourceTree = "<group>"; };
		DBD671392198169E00166E2D /* CustomTableViewController.m */ = {isa = PBXFileReference; fileEncoding = 4; lastKnownFileType = sourcecode.c.objc; path = CustomTableViewController.m; sourceTree = "<group>"; };
		DBD6713A2198169E00166E2D /* MJRefreshComponent+Switch.h */ = {isa = PBXFileReference; fileEncoding = 4; lastKnownFileType = sourcecode.c.h; path = "MJRefreshComponent+Switch.h"; sourceTree = "<group>"; };
		DBD6713B2198169E00166E2D /* EasyTableView.h */ = {isa = PBXFileReference; fileEncoding = 4; lastKnownFileType = sourcecode.c.h; path = EasyTableView.h; sourceTree = "<group>"; };
		DBD6713C2198169E00166E2D /* CustomTableViewController.h */ = {isa = PBXFileReference; fileEncoding = 4; lastKnownFileType = sourcecode.c.h; path = CustomTableViewController.h; sourceTree = "<group>"; };
		DBD6713D2198169E00166E2D /* MJRefreshComponent+Switch.m */ = {isa = PBXFileReference; fileEncoding = 4; lastKnownFileType = sourcecode.c.objc; path = "MJRefreshComponent+Switch.m"; sourceTree = "<group>"; };
/* End PBXFileReference section */

/* Begin PBXFrameworksBuildPhase section */
		DB19E28621956C7600B94BA8 /* Frameworks */ = {
			isa = PBXFrameworksBuildPhase;
			buildActionMask = 2147483647;
			files = (
				E0CF1963AB0624922F310732 /* libPods-EasyTableCtr.a in Frameworks */,
				CE6D75786BC61830001CF151 /* libPods-EasyTableViewDemo.a in Frameworks */,
			);
			runOnlyForDeploymentPostprocessing = 0;
		};
/* End PBXFrameworksBuildPhase section */

/* Begin PBXGroup section */
		441E444648900CEFC3A0B377 /* Frameworks */ = {
			isa = PBXGroup;
			children = (
				6C6662AFF4567082DEA528D0 /* libPods-EasyTableCtr.a */,
				3E9AC9C8A660E04D991C515E /* libPods-EasyTableViewDemo.a */,
			);
			name = Frameworks;
			sourceTree = "<group>";
		};
		C8B0DD6694D95CC58881F2E3 /* Pods */ = {
			isa = PBXGroup;
			children = (
				B8202C26D2E3038A717A936A /* Pods-EasyTableCtr.debug.xcconfig */,
				D022A62479A956687103BA98 /* Pods-EasyTableCtr.release.xcconfig */,
				68FB40D9FA1C56B3AA3E8B7E /* Pods-EasyTableViewDemo.debug.xcconfig */,
				77248A3C7AC2A46EB137D077 /* Pods-EasyTableViewDemo.release.xcconfig */,
			);
			name = Pods;
			sourceTree = "<group>";
		};
		DB19E28021956C7600B94BA8 = {
			isa = PBXGroup;
			children = (
				DB19E28B21956C7600B94BA8 /* EasyTableViewDemo */,
				DB19E28A21956C7600B94BA8 /* Products */,
				C8B0DD6694D95CC58881F2E3 /* Pods */,
				441E444648900CEFC3A0B377 /* Frameworks */,
			);
			sourceTree = "<group>";
		};
		DB19E28A21956C7600B94BA8 /* Products */ = {
			isa = PBXGroup;
			children = (
				DB19E28921956C7600B94BA8 /* EasyTableViewDemo.app */,
			);
			name = Products;
			sourceTree = "<group>";
		};
		DB19E28B21956C7600B94BA8 /* EasyTableViewDemo */ = {
			isa = PBXGroup;
			children = (
				DB19E28C21956C7600B94BA8 /* AppDelegate.h */,
				DB19E28D21956C7600B94BA8 /* AppDelegate.m */,
				DBD671132198027700166E2D /* ViewController.h */,
				DBD67109219800E100166E2D /* ViewController.m */,
				DBD67108219800E100166E2D /* SecondViewController.h */,
				DBD6710A219800E100166E2D /* SecondViewController.m */,
				DB19E29521956C7600B94BA8 /* Assets.xcassets */,
				DBD67111219800F100166E2D /* Main.storyboard */,
				DB19E29721956C7600B94BA8 /* LaunchScreen.storyboard */,
				DB19E29A21956C7600B94BA8 /* Info.plist */,
				DB19E29B21956C7600B94BA8 /* main.m */,
				DBD671382198169E00166E2D /* EasyTableView */,
			);
			path = EasyTableViewDemo;
			sourceTree = "<group>";
		};
		DBD671382198169E00166E2D /* EasyTableView */ = {
			isa = PBXGroup;
			children = (
				DBD6713B2198169E00166E2D /* EasyTableView.h */,
				DBD6713C2198169E00166E2D /* CustomTableViewController.h */,
				DBD671392198169E00166E2D /* CustomTableViewController.m */,
				DBD6713A2198169E00166E2D /* MJRefreshComponent+Switch.h */,
				DBD6713D2198169E00166E2D /* MJRefreshComponent+Switch.m */,
			);
			path = EasyTableView;
			sourceTree = SOURCE_ROOT;
		};
/* End PBXGroup section */

/* Begin PBXNativeTarget section */
		DB19E28821956C7600B94BA8 /* EasyTableViewDemo */ = {
			isa = PBXNativeTarget;
			buildConfigurationList = DB19E29F21956C7600B94BA8 /* Build configuration list for PBXNativeTarget "EasyTableViewDemo" */;
			buildPhases = (
				67815991EA3DC7DD89B35803 /* [CP] Check Pods Manifest.lock */,
				DB19E28521956C7600B94BA8 /* Sources */,
				DB19E28621956C7600B94BA8 /* Frameworks */,
				DB19E28721956C7600B94BA8 /* Resources */,
				C0E8773D9A85A638B741A506 /* [CP] Copy Pods Resources */,
			);
			buildRules = (
			);
			dependencies = (
			);
			name = EasyTableViewDemo;
			productName = EasyTableCtr;
			productReference = DB19E28921956C7600B94BA8 /* EasyTableViewDemo.app */;
			productType = "com.apple.product-type.application";
		};
/* End PBXNativeTarget section */

/* Begin PBXProject section */
		DB19E28121956C7600B94BA8 /* Project object */ = {
			isa = PBXProject;
			attributes = {
				LastUpgradeCheck = 1000;
				ORGANIZATIONNAME = levi;
				TargetAttributes = {
					DB19E28821956C7600B94BA8 = {
						CreatedOnToolsVersion = 10.0;
					};
				};
			};
			buildConfigurationList = DB19E28421956C7600B94BA8 /* Build configuration list for PBXProject "EasyTableViewDemo" */;
			compatibilityVersion = "Xcode 9.3";
			developmentRegion = en;
			hasScannedForEncodings = 0;
			knownRegions = (
				en,
				Base,
			);
			mainGroup = DB19E28021956C7600B94BA8;
			productRefGroup = DB19E28A21956C7600B94BA8 /* Products */;
			projectDirPath = "";
			projectRoot = "";
			targets = (
				DB19E28821956C7600B94BA8 /* EasyTableViewDemo */,
			);
		};
/* End PBXProject section */

/* Begin PBXResourcesBuildPhase section */
		DB19E28721956C7600B94BA8 /* Resources */ = {
			isa = PBXResourcesBuildPhase;
			buildActionMask = 2147483647;
			files = (
				DBD67112219800F100166E2D /* Main.storyboard in Resources */,
				DB19E29921956C7600B94BA8 /* LaunchScreen.storyboard in Resources */,
				DB19E29621956C7600B94BA8 /* Assets.xcassets in Resources */,
			);
			runOnlyForDeploymentPostprocessing = 0;
		};
/* End PBXResourcesBuildPhase section */

/* Begin PBXShellScriptBuildPhase section */
		67815991EA3DC7DD89B35803 /* [CP] Check Pods Manifest.lock */ = {
			isa = PBXShellScriptBuildPhase;
			buildActionMask = 2147483647;
			files = (
			);
			inputPaths = (
				"${PODS_PODFILE_DIR_PATH}/Podfile.lock",
				"${PODS_ROOT}/Manifest.lock",
			);
			name = "[CP] Check Pods Manifest.lock";
			outputPaths = (
				"$(DERIVED_FILE_DIR)/Pods-EasyTableViewDemo-checkManifestLockResult.txt",
			);
			runOnlyForDeploymentPostprocessing = 0;
			shellPath = /bin/sh;
			shellScript = "diff \"${PODS_PODFILE_DIR_PATH}/Podfile.lock\" \"${PODS_ROOT}/Manifest.lock\" > /dev/null\nif [ $? != 0 ] ; then\n    # print error to STDERR\n    echo \"error: The sandbox is not in sync with the Podfile.lock. Run 'pod install' or update your CocoaPods installation.\" >&2\n    exit 1\nfi\n# This output is used by Xcode 'outputs' to avoid re-running this script phase.\necho \"SUCCESS\" > \"${SCRIPT_OUTPUT_FILE_0}\"\n";
			showEnvVarsInLog = 0;
		};
		C0E8773D9A85A638B741A506 /* [CP] Copy Pods Resources */ = {
			isa = PBXShellScriptBuildPhase;
			buildActionMask = 2147483647;
			files = (
			);
			inputPaths = (
				"${SRCROOT}/Pods/Target Support Files/Pods-EasyTableViewDemo/Pods-EasyTableViewDemo-resources.sh",
				"${PODS_ROOT}/MJRefresh/MJRefresh/MJRefresh.bundle",
			);
			name = "[CP] Copy Pods Resources";
			outputPaths = (
				"${TARGET_BUILD_DIR}/${UNLOCALIZED_RESOURCES_FOLDER_PATH}/MJRefresh.bundle",
			);
			runOnlyForDeploymentPostprocessing = 0;
			shellPath = /bin/sh;
			shellScript = "\"${SRCROOT}/Pods/Target Support Files/Pods-EasyTableViewDemo/Pods-EasyTableViewDemo-resources.sh\"\n";
			showEnvVarsInLog = 0;
		};
/* End PBXShellScriptBuildPhase section */

/* Begin PBXSourcesBuildPhase section */
		DB19E28521956C7600B94BA8 /* Sources */ = {
			isa = PBXSourcesBuildPhase;
			buildActionMask = 2147483647;
			files = (
				DBD6710F219800E200166E2D /* SecondViewController.m in Sources */,
				DBD6713E2198169E00166E2D /* CustomTableViewController.m in Sources */,
				DB19E29C21956C7600B94BA8 /* main.m in Sources */,
				DBD6713F2198169E00166E2D /* MJRefreshComponent+Switch.m in Sources */,
				DBD6710E219800E200166E2D /* ViewController.m in Sources */,
				DB19E28E21956C7600B94BA8 /* AppDelegate.m in Sources */,
			);
			runOnlyForDeploymentPostprocessing = 0;
		};
/* End PBXSourcesBuildPhase section */

/* Begin PBXVariantGroup section */
		DB19E29721956C7600B94BA8 /* LaunchScreen.storyboard */ = {
			isa = PBXVariantGroup;
			children = (
				DB19E29821956C7600B94BA8 /* Base */,
			);
			name = LaunchScreen.storyboard;
			sourceTree = "<group>";
		};
/* End PBXVariantGroup section */

/* Begin XCBuildConfiguration section */
		DB19E29D21956C7600B94BA8 /* Debug */ = {
			isa = XCBuildConfiguration;
			buildSettings = {
				ALWAYS_SEARCH_USER_PATHS = NO;
				CLANG_ANALYZER_NONNULL = YES;
				CLANG_ANALYZER_NUMBER_OBJECT_CONVERSION = YES_AGGRESSIVE;
				CLANG_CXX_LANGUAGE_STANDARD = "gnu++14";
				CLANG_CXX_LIBRARY = "libc++";
				CLANG_ENABLE_MODULES = YES;
				CLANG_ENABLE_OBJC_ARC = YES;
				CLANG_ENABLE_OBJC_WEAK = YES;
				CLANG_WARN_BLOCK_CAPTURE_AUTORELEASING = YES;
				CLANG_WARN_BOOL_CONVERSION = YES;
				CLANG_WARN_COMMA = YES;
				CLANG_WARN_CONSTANT_CONVERSION = YES;
				CLANG_WARN_DEPRECATED_OBJC_IMPLEMENTATIONS = YES;
				CLANG_WARN_DIRECT_OBJC_ISA_USAGE = YES_ERROR;
				CLANG_WARN_DOCUMENTATION_COMMENTS = YES;
				CLANG_WARN_EMPTY_BODY = YES;
				CLANG_WARN_ENUM_CONVERSION = YES;
				CLANG_WARN_INFINITE_RECURSION = YES;
				CLANG_WARN_INT_CONVERSION = YES;
				CLANG_WARN_NON_LITERAL_NULL_CONVERSION = YES;
				CLANG_WARN_OBJC_IMPLICIT_RETAIN_SELF = YES;
				CLANG_WARN_OBJC_LITERAL_CONVERSION = YES;
				CLANG_WARN_OBJC_ROOT_CLASS = YES_ERROR;
				CLANG_WARN_RANGE_LOOP_ANALYSIS = YES;
				CLANG_WARN_STRICT_PROTOTYPES = YES;
				CLANG_WARN_SUSPICIOUS_MOVE = YES;
				CLANG_WARN_UNGUARDED_AVAILABILITY = YES_AGGRESSIVE;
				CLANG_WARN_UNREACHABLE_CODE = YES;
				CLANG_WARN__DUPLICATE_METHOD_MATCH = YES;
				CODE_SIGN_IDENTITY = "iPhone Developer";
				COPY_PHASE_STRIP = NO;
				DEBUG_INFORMATION_FORMAT = dwarf;
				ENABLE_STRICT_OBJC_MSGSEND = YES;
				ENABLE_TESTABILITY = YES;
				GCC_C_LANGUAGE_STANDARD = gnu11;
				GCC_DYNAMIC_NO_PIC = NO;
				GCC_NO_COMMON_BLOCKS = YES;
				GCC_OPTIMIZATION_LEVEL = 0;
				GCC_PREPROCESSOR_DEFINITIONS = (
					"DEBUG=1",
					"$(inherited)",
				);
				GCC_WARN_64_TO_32_BIT_CONVERSION = YES;
				GCC_WARN_ABOUT_RETURN_TYPE = YES_ERROR;
				GCC_WARN_UNDECLARED_SELECTOR = YES;
				GCC_WARN_UNINITIALIZED_AUTOS = YES_AGGRESSIVE;
				GCC_WARN_UNUSED_FUNCTION = YES;
				GCC_WARN_UNUSED_VARIABLE = YES;
				IPHONEOS_DEPLOYMENT_TARGET = 12.0;
				MTL_ENABLE_DEBUG_INFO = INCLUDE_SOURCE;
				MTL_FAST_MATH = YES;
				ONLY_ACTIVE_ARCH = YES;
				SDKROOT = iphoneos;
			};
			name = Debug;
		};
		DB19E29E21956C7600B94BA8 /* Release */ = {
			isa = XCBuildConfiguration;
			buildSettings = {
				ALWAYS_SEARCH_USER_PATHS = NO;
				CLANG_ANALYZER_NONNULL = YES;
				CLANG_ANALYZER_NUMBER_OBJECT_CONVERSION = YES_AGGRESSIVE;
				CLANG_CXX_LANGUAGE_STANDARD = "gnu++14";
				CLANG_CXX_LIBRARY = "libc++";
				CLANG_ENABLE_MODULES = YES;
				CLANG_ENABLE_OBJC_ARC = YES;
				CLANG_ENABLE_OBJC_WEAK = YES;
				CLANG_WARN_BLOCK_CAPTURE_AUTORELEASING = YES;
				CLANG_WARN_BOOL_CONVERSION = YES;
				CLANG_WARN_COMMA = YES;
				CLANG_WARN_CONSTANT_CONVERSION = YES;
				CLANG_WARN_DEPRECATED_OBJC_IMPLEMENTATIONS = YES;
				CLANG_WARN_DIRECT_OBJC_ISA_USAGE = YES_ERROR;
				CLANG_WARN_DOCUMENTATION_COMMENTS = YES;
				CLANG_WARN_EMPTY_BODY = YES;
				CLANG_WARN_ENUM_CONVERSION = YES;
				CLANG_WARN_INFINITE_RECURSION = YES;
				CLANG_WARN_INT_CONVERSION = YES;
				CLANG_WARN_NON_LITERAL_NULL_CONVERSION = YES;
				CLANG_WARN_OBJC_IMPLICIT_RETAIN_SELF = YES;
				CLANG_WARN_OBJC_LITERAL_CONVERSION = YES;
				CLANG_WARN_OBJC_ROOT_CLASS = YES_ERROR;
				CLANG_WARN_RANGE_LOOP_ANALYSIS = YES;
				CLANG_WARN_STRICT_PROTOTYPES = YES;
				CLANG_WARN_SUSPICIOUS_MOVE = YES;
				CLANG_WARN_UNGUARDED_AVAILABILITY = YES_AGGRESSIVE;
				CLANG_WARN_UNREACHABLE_CODE = YES;
				CLANG_WARN__DUPLICATE_METHOD_MATCH = YES;
				CODE_SIGN_IDENTITY = "iPhone Developer";
				COPY_PHASE_STRIP = NO;
				DEBUG_INFORMATION_FORMAT = "dwarf-with-dsym";
				ENABLE_NS_ASSERTIONS = NO;
				ENABLE_STRICT_OBJC_MSGSEND = YES;
				GCC_C_LANGUAGE_STANDARD = gnu11;
				GCC_NO_COMMON_BLOCKS = YES;
				GCC_WARN_64_TO_32_BIT_CONVERSION = YES;
				GCC_WARN_ABOUT_RETURN_TYPE = YES_ERROR;
				GCC_WARN_UNDECLARED_SELECTOR = YES;
				GCC_WARN_UNINITIALIZED_AUTOS = YES_AGGRESSIVE;
				GCC_WARN_UNUSED_FUNCTION = YES;
				GCC_WARN_UNUSED_VARIABLE = YES;
				IPHONEOS_DEPLOYMENT_TARGET = 12.0;
				MTL_ENABLE_DEBUG_INFO = NO;
				MTL_FAST_MATH = YES;
				SDKROOT = iphoneos;
				VALIDATE_PRODUCT = YES;
			};
			name = Release;
		};
		DB19E2A021956C7600B94BA8 /* Debug */ = {
			isa = XCBuildConfiguration;
			baseConfigurationReference = 68FB40D9FA1C56B3AA3E8B7E /* Pods-EasyTableViewDemo.debug.xcconfig */;
			buildSettings = {
				ASSETCATALOG_COMPILER_APPICON_NAME = AppIcon;
				CODE_SIGN_STYLE = Automatic;
				INFOPLIST_FILE = EasyTableViewDemo/Info.plist;
				IPHONEOS_DEPLOYMENT_TARGET = 8.0;
				LD_RUNPATH_SEARCH_PATHS = "$(inherited) @executable_path/Frameworks";
				PRODUCT_BUNDLE_IDENTIFIER = liu.levi.EasyTableCtr;
				PRODUCT_NAME = "$(TARGET_NAME)";
				TARGETED_DEVICE_FAMILY = "1,2";
			};
			name = Debug;
		};
		DB19E2A121956C7600B94BA8 /* Release */ = {
			isa = XCBuildConfiguration;
			baseConfigurationReference = 77248A3C7AC2A46EB137D077 /* Pods-EasyTableViewDemo.release.xcconfig */;
			buildSettings = {
				ASSETCATALOG_COMPILER_APPICON_NAME = AppIcon;
				CODE_SIGN_STYLE = Automatic;
				INFOPLIST_FILE = EasyTableViewDemo/Info.plist;
				IPHONEOS_DEPLOYMENT_TARGET = 8.0;
				LD_RUNPATH_SEARCH_PATHS = "$(inherited) @executable_path/Frameworks";
				PRODUCT_BUNDLE_IDENTIFIER = liu.levi.EasyTableCtr;
				PRODUCT_NAME = "$(TARGET_NAME)";
				TARGETED_DEVICE_FAMILY = "1,2";
			};
			name = Release;
		};
/* End XCBuildConfiguration section */

/* Begin XCConfigurationList section */
		DB19E28421956C7600B94BA8 /* Build configuration list for PBXProject "EasyTableViewDemo" */ = {
			isa = XCConfigurationList;
			buildConfigurations = (
				DB19E29D21956C7600B94BA8 /* Debug */,
				DB19E29E21956C7600B94BA8 /* Release */,
			);
			defaultConfigurationIsVisible = 0;
			defaultConfigurationName = Release;
		};
		DB19E29F21956C7600B94BA8 /* Build configuration list for PBXNativeTarget "EasyTableViewDemo" */ = {
			isa = XCConfigurationList;
			buildConfigurations = (
				DB19E2A021956C7600B94BA8 /* Debug */,
				DB19E2A121956C7600B94BA8 /* Release */,
			);
			defaultConfigurationIsVisible = 0;
			defaultConfigurationName = Release;
		};
/* End XCConfigurationList section */
	};
	rootObject = DB19E28121956C7600B94BA8 /* Project object */;
}
